
Microsoft Visual Studio Solution File, Format Version 12.00
# Visual Studio Version 17
VisualStudioVersion = 17.5.33530.505
MinimumVisualStudioVersion = 10.0.40219.1
Project("{9A19103F-16F7-4668-BE54-9A1E7A4F7556}") = "MoviesAPI", "MoviesAPI\MoviesAPI.csproj", "{8CB83D08-85BF-4AC0-A71F-77BA019D6361}"
EndProject
Project("{2150E333-8FDC-42A3-9474-1A3956D46DE8}") = "Solution Items", "Solution Items", "{CA530323-80A0-4ED6-B025-943319897E11}"
	ProjectSection(SolutionItems) = preProject
		.editorconfig = .editorconfig
	EndProjectSection
EndProject
Global
	GlobalSection(SolutionConfigurationPlatforms) = preSolution
		Debug|Any CPU = Debug|Any CPU
		Release|Any CPU = Release|Any CPU
	EndGlobalSection
	GlobalSection(ProjectConfigurationPlatforms) = postSolution
		{8CB83D08-85BF-4AC0-A71F-77BA019D6361}.Debug|Any CPU.ActiveCfg = Debug|Any CPU
		{8CB83D08-85BF-4AC0-A71F-77BA019D6361}.Debug|Any CPU.Build.0 = Debug|Any CPU
		{8CB83D08-85BF-4AC0-A71F-77BA019D6361}.Release|Any CPU.ActiveCfg = Release|Any CPU
		{8CB83D08-85BF-4AC0-A71F-77BA019D6361}.Release|Any CPU.Build.0 = Release|Any CPU
	EndGlobalSection
	GlobalSection(SolutionProperties) = preSolution
		HideSolutionNode = FALSE
	EndGlobalSection
	GlobalSection(ExtensibilityGlobals) = postSolution
		SolutionGuid = {592A9EB8-447E-45B2-9851-6746998A474F}
	EndGlobalSection
EndGlobal
